// !$*UTF8*$!
{
	archiveVersion = 1;
	classes = {
	};
	objectVersion = 50;
	objects = {

/* Begin PBXBuildFile section */
		76493595257839CE002360CA /* istatusApp.swift in Sources */ = {isa = PBXBuildFile; fileRef = 76493594257839CE002360CA /* istatusApp.swift */; };
		76493597257839CE002360CA /* ContentView.swift in Sources */ = {isa = PBXBuildFile; fileRef = 76493596257839CE002360CA /* ContentView.swift */; };
		76493599257839CF002360CA /* Assets.xcassets in Resources */ = {isa = PBXBuildFile; fileRef = 76493598257839CF002360CA /* Assets.xcassets */; };
		7649359C257839CF002360CA /* Preview Assets.xcassets in Resources */ = {isa = PBXBuildFile; fileRef = 7649359B257839CF002360CA /* Preview Assets.xcassets */; };
		764935AC25784831002360CA /* MonitorCreateView.swift in Sources */ = {isa = PBXBuildFile; fileRef = 764935AB25784831002360CA /* MonitorCreateView.swift */; };
		764935AF25784861002360CA /* MonitorCreateViewSupport.swift in Sources */ = {isa = PBXBuildFile; fileRef = 764935AE25784861002360CA /* MonitorCreateViewSupport.swift */; };
		764935B225784A13002360CA /* TextEntryModifier.swift in Sources */ = {isa = PBXBuildFile; fileRef = 764935B125784A13002360CA /* TextEntryModifier.swift */; };
		765351B725799A08009255B2 /* Persistence.swift in Sources */ = {isa = PBXBuildFile; fileRef = 765351B625799A08009255B2 /* Persistence.swift */; };
		765351BA25799BD3009255B2 /* VpnView.swift in Sources */ = {isa = PBXBuildFile; fileRef = 765351B925799BD3009255B2 /* VpnView.swift */; };
		765351BD25799C4C009255B2 /* DashView.swift in Sources */ = {isa = PBXBuildFile; fileRef = 765351BC25799C4C009255B2 /* DashView.swift */; };
		765351C225799EC8009255B2 /* MonitorsView.swift in Sources */ = {isa = PBXBuildFile; fileRef = 765351C125799EC8009255B2 /* MonitorsView.swift */; };
		765351CE2579A26A009255B2 /* istatus.xcdatamodeld in Sources */ = {isa = PBXBuildFile; fileRef = 765351CC2579A26A009255B2 /* istatus.xcdatamodeld */; };
		7699F0162579BE5D006EA928 /* MonitorDetailView.swift in Sources */ = {isa = PBXBuildFile; fileRef = 7699F0152579BE5D006EA928 /* MonitorDetailView.swift */; };
		7699F0192579BEB7006EA928 /* LabelTextDisplay.swift in Sources */ = {isa = PBXBuildFile; fileRef = 7699F0182579BEB7006EA928 /* LabelTextDisplay.swift */; };
		7699F01C2579BF13006EA928 /* DetailTextDisplay.swift in Sources */ = {isa = PBXBuildFile; fileRef = 7699F01B2579BF13006EA928 /* DetailTextDisplay.swift */; };
		D102708F257D86130049F90C /* GridStack.swift in Sources */ = {isa = PBXBuildFile; fileRef = D102708E257D86130049F90C /* GridStack.swift */; };
		D1027095257DB78A0049F90C /* StatusButtonGreen.swift in Sources */ = {isa = PBXBuildFile; fileRef = D1027094257DB78A0049F90C /* StatusButtonGreen.swift */; };
		D10270A0257DBD970049F90C /* StatusButtonRed.swift in Sources */ = {isa = PBXBuildFile; fileRef = D102709F257DBD970049F90C /* StatusButtonRed.swift */; };
		D1570A0C25846D2D00D80966 /* PersistenceManager.swift in Sources */ = {isa = PBXBuildFile; fileRef = D1570A0B25846D2D00D80966 /* PersistenceManager.swift */; };
		D1570A16258497A800D80966 /* AsynchOperation.swift in Sources */ = {isa = PBXBuildFile; fileRef = D1570A15258497A800D80966 /* AsynchOperation.swift */; };
		D1570A19258498EE00D80966 /* MonitorOperation.swift in Sources */ = {isa = PBXBuildFile; fileRef = D1570A18258498EE00D80966 /* MonitorOperation.swift */; };
		D1570A222585B12C00D80966 /* RunnerOperation.swift in Sources */ = {isa = PBXBuildFile; fileRef = D1570A212585B12C00D80966 /* RunnerOperation.swift */; };
/* End PBXBuildFile section */

/* Begin PBXFileReference section */
		76493591257839CE002360CA /* istatus.app */ = {isa = PBXFileReference; explicitFileType = wrapper.application; includeInIndex = 0; path = istatus.app; sourceTree = BUILT_PRODUCTS_DIR; };
		76493594257839CE002360CA /* istatusApp.swift */ = {isa = PBXFileReference; lastKnownFileType = sourcecode.swift; path = istatusApp.swift; sourceTree = "<group>"; };
		76493596257839CE002360CA /* ContentView.swift */ = {isa = PBXFileReference; lastKnownFileType = sourcecode.swift; path = ContentView.swift; sourceTree = "<group>"; };
		76493598257839CF002360CA /* Assets.xcassets */ = {isa = PBXFileReference; lastKnownFileType = folder.assetcatalog; path = Assets.xcassets; sourceTree = "<group>"; };
		7649359B257839CF002360CA /* Preview Assets.xcassets */ = {isa = PBXFileReference; lastKnownFileType = folder.assetcatalog; path = "Preview Assets.xcassets"; sourceTree = "<group>"; };
		7649359D257839CF002360CA /* Info.plist */ = {isa = PBXFileReference; lastKnownFileType = text.plist.xml; path = Info.plist; sourceTree = "<group>"; };
		764935AB25784831002360CA /* MonitorCreateView.swift */ = {isa = PBXFileReference; lastKnownFileType = sourcecode.swift; path = MonitorCreateView.swift; sourceTree = "<group>"; };
		764935AE25784861002360CA /* MonitorCreateViewSupport.swift */ = {isa = PBXFileReference; lastKnownFileType = sourcecode.swift; path = MonitorCreateViewSupport.swift; sourceTree = "<group>"; };
		764935B125784A13002360CA /* TextEntryModifier.swift */ = {isa = PBXFileReference; lastKnownFileType = sourcecode.swift; path = TextEntryModifier.swift; sourceTree = "<group>"; };
		765351B625799A08009255B2 /* Persistence.swift */ = {isa = PBXFileReference; lastKnownFileType = sourcecode.swift; path = Persistence.swift; sourceTree = "<group>"; };
		765351B925799BD3009255B2 /* VpnView.swift */ = {isa = PBXFileReference; lastKnownFileType = sourcecode.swift; path = VpnView.swift; sourceTree = "<group>"; };
		765351BC25799C4C009255B2 /* DashView.swift */ = {isa = PBXFileReference; lastKnownFileType = sourcecode.swift; path = DashView.swift; sourceTree = "<group>"; };
		765351C125799EC8009255B2 /* MonitorsView.swift */ = {isa = PBXFileReference; lastKnownFileType = sourcecode.swift; path = MonitorsView.swift; sourceTree = "<group>"; };
		765351CD2579A26A009255B2 /* istatus.xcdatamodel */ = {isa = PBXFileReference; lastKnownFileType = wrapper.xcdatamodel; path = istatus.xcdatamodel; sourceTree = "<group>"; };
		7699F0152579BE5D006EA928 /* MonitorDetailView.swift */ = {isa = PBXFileReference; lastKnownFileType = sourcecode.swift; path = MonitorDetailView.swift; sourceTree = "<group>"; };
		7699F0182579BEB7006EA928 /* LabelTextDisplay.swift */ = {isa = PBXFileReference; lastKnownFileType = sourcecode.swift; path = LabelTextDisplay.swift; sourceTree = "<group>"; };
		7699F01B2579BF13006EA928 /* DetailTextDisplay.swift */ = {isa = PBXFileReference; lastKnownFileType = sourcecode.swift; path = DetailTextDisplay.swift; sourceTree = "<group>"; };
		D102708E257D86130049F90C /* GridStack.swift */ = {isa = PBXFileReference; lastKnownFileType = sourcecode.swift; path = GridStack.swift; sourceTree = "<group>"; };
		D1027094257DB78A0049F90C /* StatusButtonGreen.swift */ = {isa = PBXFileReference; lastKnownFileType = sourcecode.swift; path = StatusButtonGreen.swift; sourceTree = "<group>"; };
		D102709F257DBD970049F90C /* StatusButtonRed.swift */ = {isa = PBXFileReference; lastKnownFileType = sourcecode.swift; path = StatusButtonRed.swift; sourceTree = "<group>"; };
		D1570A0B25846D2D00D80966 /* PersistenceManager.swift */ = {isa = PBXFileReference; lastKnownFileType = sourcecode.swift; path = PersistenceManager.swift; sourceTree = "<group>"; };
		D1570A15258497A800D80966 /* AsynchOperation.swift */ = {isa = PBXFileReference; lastKnownFileType = sourcecode.swift; path = AsynchOperation.swift; sourceTree = "<group>"; };
		D1570A18258498EE00D80966 /* MonitorOperation.swift */ = {isa = PBXFileReference; lastKnownFileType = sourcecode.swift; path = MonitorOperation.swift; sourceTree = "<group>"; };
		D1570A212585B12C00D80966 /* RunnerOperation.swift */ = {isa = PBXFileReference; lastKnownFileType = sourcecode.swift; path = RunnerOperation.swift; sourceTree = "<group>"; };
/* End PBXFileReference section */

/* Begin PBXFrameworksBuildPhase section */
		7649358E257839CE002360CA /* Frameworks */ = {
			isa = PBXFrameworksBuildPhase;
			buildActionMask = 2147483647;
			files = (
			);
			runOnlyForDeploymentPostprocessing = 0;
		};
/* End PBXFrameworksBuildPhase section */

/* Begin PBXGroup section */
		76493588257839CE002360CA = {
			isa = PBXGroup;
			children = (
				76493593257839CE002360CA /* istatus */,
				76493592257839CE002360CA /* Products */,
			);
			sourceTree = "<group>";
		};
		76493592257839CE002360CA /* Products */ = {
			isa = PBXGroup;
			children = (
				76493591257839CE002360CA /* istatus.app */,
			);
			name = Products;
			sourceTree = "<group>";
		};
		76493593257839CE002360CA /* istatus */ = {
			isa = PBXGroup;
			children = (
				76493594257839CE002360CA /* istatusApp.swift */,
				76493596257839CE002360CA /* ContentView.swift */,
				765351BC25799C4C009255B2 /* DashView.swift */,
				7699F01B2579BF13006EA928 /* DetailTextDisplay.swift */,
				D102708E257D86130049F90C /* GridStack.swift */,
				7699F0182579BEB7006EA928 /* LabelTextDisplay.swift */,
				764935AB25784831002360CA /* MonitorCreateView.swift */,
				7699F0152579BE5D006EA928 /* MonitorDetailView.swift */,
				765351C125799EC8009255B2 /* MonitorsView.swift */,
				765351B625799A08009255B2 /* Persistence.swift */,
				D1570A0B25846D2D00D80966 /* PersistenceManager.swift */,
				D1027094257DB78A0049F90C /* StatusButtonGreen.swift */,
				D102709F257DBD970049F90C /* StatusButtonRed.swift */,
				766A43732579E1E900CFEC1A /* modifier */,
				766A43752579E24B00CFEC1A /* support */,
				765351B925799BD3009255B2 /* VpnView.swift */,
				76493598257839CF002360CA /* Assets.xcassets */,
				7649359D257839CF002360CA /* Info.plist */,
				765351CC2579A26A009255B2 /* istatus.xcdatamodeld */,
				7649359A257839CF002360CA /* Preview Content */,
				D1570A15258497A800D80966 /* AsynchOperation.swift */,
				D1570A18258498EE00D80966 /* MonitorOperation.swift */,
				D1570A212585B12C00D80966 /* RunnerOperation.swift */,
			);
			path = istatus;
			sourceTree = "<group>";
		};
		7649359A257839CF002360CA /* Preview Content */ = {
			isa = PBXGroup;
			children = (
				7649359B257839CF002360CA /* Preview Assets.xcassets */,
			);
			path = "Preview Content";
			sourceTree = "<group>";
		};
		766A43732579E1E900CFEC1A /* modifier */ = {
			isa = PBXGroup;
			children = (
				764935B125784A13002360CA /* TextEntryModifier.swift */,
			);
			path = modifier;
			sourceTree = "<group>";
		};
		766A43752579E24B00CFEC1A /* support */ = {
			isa = PBXGroup;
			children = (
				764935AE25784861002360CA /* MonitorCreateViewSupport.swift */,
			);
			path = support;
			sourceTree = "<group>";
		};
/* End PBXGroup section */

/* Begin PBXNativeTarget section */
		76493590257839CE002360CA /* istatus */ = {
			isa = PBXNativeTarget;
			buildConfigurationList = 764935A0257839CF002360CA /* Build configuration list for PBXNativeTarget "istatus" */;
			buildPhases = (
				7649358D257839CE002360CA /* Sources */,
				7649358E257839CE002360CA /* Frameworks */,
				7649358F257839CE002360CA /* Resources */,
			);
			buildRules = (
			);
			dependencies = (
			);
			name = istatus;
			productName = istatus;
			productReference = 76493591257839CE002360CA /* istatus.app */;
			productType = "com.apple.product-type.application";
		};
/* End PBXNativeTarget section */

/* Begin PBXProject section */
		76493589257839CE002360CA /* Project object */ = {
			isa = PBXProject;
			attributes = {
				LastSwiftUpdateCheck = 1220;
				LastUpgradeCheck = 1220;
				TargetAttributes = {
					76493590257839CE002360CA = {
						CreatedOnToolsVersion = 12.2;
					};
				};
			};
			buildConfigurationList = 7649358C257839CE002360CA /* Build configuration list for PBXProject "istatus" */;
			compatibilityVersion = "Xcode 9.3";
			developmentRegion = en;
			hasScannedForEncodings = 0;
			knownRegions = (
				en,
				Base,
			);
			mainGroup = 76493588257839CE002360CA;
			productRefGroup = 76493592257839CE002360CA /* Products */;
			projectDirPath = "";
			projectRoot = "";
			targets = (
				76493590257839CE002360CA /* istatus */,
			);
		};
/* End PBXProject section */

/* Begin PBXResourcesBuildPhase section */
		7649358F257839CE002360CA /* Resources */ = {
			isa = PBXResourcesBuildPhase;
			buildActionMask = 2147483647;
			files = (
				7649359C257839CF002360CA /* Preview Assets.xcassets in Resources */,
				76493599257839CF002360CA /* Assets.xcassets in Resources */,
			);
			runOnlyForDeploymentPostprocessing = 0;
		};
/* End PBXResourcesBuildPhase section */

/* Begin PBXSourcesBuildPhase section */
		7649358D257839CE002360CA /* Sources */ = {
			isa = PBXSourcesBuildPhase;
			buildActionMask = 2147483647;
			files = (
				765351C225799EC8009255B2 /* MonitorsView.swift in Sources */,
				765351BD25799C4C009255B2 /* DashView.swift in Sources */,
				765351BA25799BD3009255B2 /* VpnView.swift in Sources */,
				764935AC25784831002360CA /* MonitorCreateView.swift in Sources */,
				D102708F257D86130049F90C /* GridStack.swift in Sources */,
				765351B725799A08009255B2 /* Persistence.swift in Sources */,
				764935B225784A13002360CA /* TextEntryModifier.swift in Sources */,
				765351CE2579A26A009255B2 /* istatus.xcdatamodeld in Sources */,
				D10270A0257DBD970049F90C /* StatusButtonRed.swift in Sources */,
				764935AF25784861002360CA /* MonitorCreateViewSupport.swift in Sources */,
				76493597257839CE002360CA /* ContentView.swift in Sources */,
				D1570A16258497A800D80966 /* AsynchOperation.swift in Sources */,
				7699F01C2579BF13006EA928 /* DetailTextDisplay.swift in Sources */,
				7699F0192579BEB7006EA928 /* LabelTextDisplay.swift in Sources */,
				D1027095257DB78A0049F90C /* StatusButtonGreen.swift in Sources */,
				D1570A222585B12C00D80966 /* RunnerOperation.swift in Sources */,
				D1570A0C25846D2D00D80966 /* PersistenceManager.swift in Sources */,
				7699F0162579BE5D006EA928 /* MonitorDetailView.swift in Sources */,
				76493595257839CE002360CA /* istatusApp.swift in Sources */,
				D1570A19258498EE00D80966 /* MonitorOperation.swift in Sources */,
			);
			runOnlyForDeploymentPostprocessing = 0;
		};
/* End PBXSourcesBuildPhase section */

/* Begin XCBuildConfiguration section */
		7649359E257839CF002360CA /* Debug */ = {
			isa = XCBuildConfiguration;
			buildSettings = {
				ALWAYS_SEARCH_USER_PATHS = NO;
				CLANG_ANALYZER_NONNULL = YES;
				CLANG_ANALYZER_NUMBER_OBJECT_CONVERSION = YES_AGGRESSIVE;
				CLANG_CXX_LANGUAGE_STANDARD = "gnu++14";
				CLANG_CXX_LIBRARY = "libc++";
				CLANG_ENABLE_MODULES = YES;
				CLANG_ENABLE_OBJC_ARC = YES;
				CLANG_ENABLE_OBJC_WEAK = YES;
				CLANG_WARN_BLOCK_CAPTURE_AUTORELEASING = YES;
				CLANG_WARN_BOOL_CONVERSION = YES;
				CLANG_WARN_COMMA = YES;
				CLANG_WARN_CONSTANT_CONVERSION = YES;
				CLANG_WARN_DEPRECATED_OBJC_IMPLEMENTATIONS = YES;
				CLANG_WARN_DIRECT_OBJC_ISA_USAGE = YES_ERROR;
				CLANG_WARN_DOCUMENTATION_COMMENTS = YES;
				CLANG_WARN_EMPTY_BODY = YES;
				CLANG_WARN_ENUM_CONVERSION = YES;
				CLANG_WARN_INFINITE_RECURSION = YES;
				CLANG_WARN_INT_CONVERSION = YES;
				CLANG_WARN_NON_LITERAL_NULL_CONVERSION = YES;
				CLANG_WARN_OBJC_IMPLICIT_RETAIN_SELF = YES;
				CLANG_WARN_OBJC_LITERAL_CONVERSION = YES;
				CLANG_WARN_OBJC_ROOT_CLASS = YES_ERROR;
				CLANG_WARN_QUOTED_INCLUDE_IN_FRAMEWORK_HEADER = YES;
				CLANG_WARN_RANGE_LOOP_ANALYSIS = YES;
				CLANG_WARN_STRICT_PROTOTYPES = YES;
				CLANG_WARN_SUSPICIOUS_MOVE = YES;
				CLANG_WARN_UNGUARDED_AVAILABILITY = YES_AGGRESSIVE;
				CLANG_WARN_UNREACHABLE_CODE = YES;
				CLANG_WARN__DUPLICATE_METHOD_MATCH = YES;
				COPY_PHASE_STRIP = NO;
				DEBUG_INFORMATION_FORMAT = dwarf;
				ENABLE_STRICT_OBJC_MSGSEND = YES;
				ENABLE_TESTABILITY = YES;
				GCC_C_LANGUAGE_STANDARD = gnu11;
				GCC_DYNAMIC_NO_PIC = NO;
				GCC_NO_COMMON_BLOCKS = YES;
				GCC_OPTIMIZATION_LEVEL = 0;
				GCC_PREPROCESSOR_DEFINITIONS = (
					"DEBUG=1",
					"$(inherited)",
				);
				GCC_WARN_64_TO_32_BIT_CONVERSION = YES;
				GCC_WARN_ABOUT_RETURN_TYPE = YES_ERROR;
				GCC_WARN_UNDECLARED_SELECTOR = YES;
				GCC_WARN_UNINITIALIZED_AUTOS = YES_AGGRESSIVE;
				GCC_WARN_UNUSED_FUNCTION = YES;
				GCC_WARN_UNUSED_VARIABLE = YES;
				IPHONEOS_DEPLOYMENT_TARGET = 14.2;
				MTL_ENABLE_DEBUG_INFO = INCLUDE_SOURCE;
				MTL_FAST_MATH = YES;
				ONLY_ACTIVE_ARCH = YES;
				SDKROOT = iphoneos;
				SWIFT_ACTIVE_COMPILATION_CONDITIONS = DEBUG;
				SWIFT_OPTIMIZATION_LEVEL = "-Onone";
			};
			name = Debug;
		};
		7649359F257839CF002360CA /* Release */ = {
			isa = XCBuildConfiguration;
			buildSettings = {
				ALWAYS_SEARCH_USER_PATHS = NO;
				CLANG_ANALYZER_NONNULL = YES;
				CLANG_ANALYZER_NUMBER_OBJECT_CONVERSION = YES_AGGRESSIVE;
				CLANG_CXX_LANGUAGE_STANDARD = "gnu++14";
				CLANG_CXX_LIBRARY = "libc++";
				CLANG_ENABLE_MODULES = YES;
				CLANG_ENABLE_OBJC_ARC = YES;
				CLANG_ENABLE_OBJC_WEAK = YES;
				CLANG_WARN_BLOCK_CAPTURE_AUTORELEASING = YES;
				CLANG_WARN_BOOL_CONVERSION = YES;
				CLANG_WARN_COMMA = YES;
				CLANG_WARN_CONSTANT_CONVERSION = YES;
				CLANG_WARN_DEPRECATED_OBJC_IMPLEMENTATIONS = YES;
				CLANG_WARN_DIRECT_OBJC_ISA_USAGE = YES_ERROR;
				CLANG_WARN_DOCUMENTATION_COMMENTS = YES;
				CLANG_WARN_EMPTY_BODY = YES;
				CLANG_WARN_ENUM_CONVERSION = YES;
				CLANG_WARN_INFINITE_RECURSION = YES;
				CLANG_WARN_INT_CONVERSION = YES;
				CLANG_WARN_NON_LITERAL_NULL_CONVERSION = YES;
				CLANG_WARN_OBJC_IMPLICIT_RETAIN_SELF = YES;
				CLANG_WARN_OBJC_LITERAL_CONVERSION = YES;
				CLANG_WARN_OBJC_ROOT_CLASS = YES_ERROR;
				CLANG_WARN_QUOTED_INCLUDE_IN_FRAMEWORK_HEADER = YES;
				CLANG_WARN_RANGE_LOOP_ANALYSIS = YES;
				CLANG_WARN_STRICT_PROTOTYPES = YES;
				CLANG_WARN_SUSPICIOUS_MOVE = YES;
				CLANG_WARN_UNGUARDED_AVAILABILITY = YES_AGGRESSIVE;
				CLANG_WARN_UNREACHABLE_CODE = YES;
				CLANG_WARN__DUPLICATE_METHOD_MATCH = YES;
				COPY_PHASE_STRIP = NO;
				DEBUG_INFORMATION_FORMAT = "dwarf-with-dsym";
				ENABLE_NS_ASSERTIONS = NO;
				ENABLE_STRICT_OBJC_MSGSEND = YES;
				GCC_C_LANGUAGE_STANDARD = gnu11;
				GCC_NO_COMMON_BLOCKS = YES;
				GCC_WARN_64_TO_32_BIT_CONVERSION = YES;
				GCC_WARN_ABOUT_RETURN_TYPE = YES_ERROR;
				GCC_WARN_UNDECLARED_SELECTOR = YES;
				GCC_WARN_UNINITIALIZED_AUTOS = YES_AGGRESSIVE;
				GCC_WARN_UNUSED_FUNCTION = YES;
				GCC_WARN_UNUSED_VARIABLE = YES;
				IPHONEOS_DEPLOYMENT_TARGET = 14.2;
				MTL_ENABLE_DEBUG_INFO = NO;
				MTL_FAST_MATH = YES;
				SDKROOT = iphoneos;
				SWIFT_COMPILATION_MODE = wholemodule;
				SWIFT_OPTIMIZATION_LEVEL = "-O";
				VALIDATE_PRODUCT = YES;
			};
			name = Release;
		};
		764935A1257839CF002360CA /* Debug */ = {
			isa = XCBuildConfiguration;
			buildSettings = {
				ASSETCATALOG_COMPILER_APPICON_NAME = AppIcon;
				ASSETCATALOG_COMPILER_GLOBAL_ACCENT_COLOR_NAME = AccentColor;
				CODE_SIGN_IDENTITY = "Apple Development";
				CODE_SIGN_STYLE = Automatic;
				DEVELOPMENT_ASSET_PATHS = "\"istatus/Preview Content\"";
				DEVELOPMENT_TEAM = 3NHG8TKA58;
				ENABLE_PREVIEWS = YES;
				INFOPLIST_FILE = istatus/Info.plist;
				IPHONEOS_DEPLOYMENT_TARGET = 14.2;
				LD_RUNPATH_SEARCH_PATHS = (
					"$(inherited)",
					"@executable_path/Frameworks",
				);
				PRODUCT_BUNDLE_IDENTIFIER = com.dlwhitehurst.virtualyou;
				PRODUCT_NAME = "$(TARGET_NAME)";
				PROVISIONING_PROFILE_SPECIFIER = "";
				SWIFT_VERSION = 5.0;
				TARGETED_DEVICE_FAMILY = "1,2";
			};
			name = Debug;
		};
		764935A2257839CF002360CA /* Release */ = {
			isa = XCBuildConfiguration;
			buildSettings = {
				ASSETCATALOG_COMPILER_APPICON_NAME = AppIcon;
				ASSETCATALOG_COMPILER_GLOBAL_ACCENT_COLOR_NAME = AccentColor;
				CODE_SIGN_IDENTITY = "Apple Development";
				CODE_SIGN_STYLE = Automatic;
				DEVELOPMENT_ASSET_PATHS = "\"istatus/Preview Content\"";
				DEVELOPMENT_TEAM = 3NHG8TKA58;
				ENABLE_PREVIEWS = YES;
				INFOPLIST_FILE = istatus/Info.plist;
				IPHONEOS_DEPLOYMENT_TARGET = 14.2;
				LD_RUNPATH_SEARCH_PATHS = (
					"$(inherited)",
					"@executable_path/Frameworks",
				);
				PRODUCT_BUNDLE_IDENTIFIER = com.dlwhitehurst.virtualyou;
				PRODUCT_NAME = "$(TARGET_NAME)";
				PROVISIONING_PROFILE_SPECIFIER = "";
				SWIFT_VERSION = 5.0;
				TARGETED_DEVICE_FAMILY = "1,2";
			};
			name = Release;
		};
/* End XCBuildConfiguration section */

/* Begin XCConfigurationList section */
		7649358C257839CE002360CA /* Build configuration list for PBXProject "istatus" */ = {
			isa = XCConfigurationList;
			buildConfigurations = (
				7649359E257839CF002360CA /* Debug */,
				7649359F257839CF002360CA /* Release */,
			);
			defaultConfigurationIsVisible = 0;
			defaultConfigurationName = Release;
		};
		764935A0257839CF002360CA /* Build configuration list for PBXNativeTarget "istatus" */ = {
			isa = XCConfigurationList;
			buildConfigurations = (
				764935A1257839CF002360CA /* Debug */,
				764935A2257839CF002360CA /* Release */,
			);
			defaultConfigurationIsVisible = 0;
			defaultConfigurationName = Release;
		};
/* End XCConfigurationList section */

/* Begin XCVersionGroup section */
		765351CC2579A26A009255B2 /* istatus.xcdatamodeld */ = {
			isa = XCVersionGroup;
			children = (
				765351CD2579A26A009255B2 /* istatus.xcdatamodel */,
			);
			currentVersion = 765351CD2579A26A009255B2 /* istatus.xcdatamodel */;
			path = istatus.xcdatamodeld;
			sourceTree = "<group>";
			versionGroupType = wrapper.xcdatamodel;
		};
/* End XCVersionGroup section */
	};
	rootObject = 76493589257839CE002360CA /* Project object */;
}
